PODS:
  - Flutter (1.0.0)
  - foundation_models_framework (0.2.1):
    - Flutter
  - geocoding_ios (1.0.5):
    - Flutter
  - geolocator_apple (1.2.0):
    - Flutter
    - FlutterMacOS
  - integration_test (0.0.1):
    - Flutter
  - jyotish (1.0.0):
    - Flutter
  - package_info_plus (0.4.5):
    - Flutter
  - share_plus (0.0.1):
    - Flutter
  - "sweph (3.2.1+2.10.3)":
    - Flutter
  - url_launcher_ios (0.0.1):
    - Flutter

DEPENDENCIES:
  - Flutter (from `Flutter`)
  - foundation_models_framework (from `.symlinks/plugins/foundation_models_framework/ios`)
  - geocoding_ios (from `.symlinks/plugins/geocoding_ios/ios`)
  - geolocator_apple (from `.symlinks/plugins/geolocator_apple/darwin`)
  - integration_test (from `.symlinks/plugins/integration_test/ios`)
  - jyotish (from `.symlinks/plugins/jyotish/ios`)
  - package_info_plus (from `.symlinks/plugins/package_info_plus/ios`)
  - share_plus (from `.symlinks/plugins/share_plus/ios`)
  - sweph (from `.symlinks/plugins/sweph/ios`)
  - url_launcher_ios (from `.symlinks/plugins/url_launcher_ios/ios`)

EXTERNAL SOURCES:
  Flutter:
    :path: Flutter
  foundation_models_framework:
    :path: ".symlinks/plugins/foundation_models_framework/ios"
  geocoding_ios:
    :path: ".symlinks/plugins/geocoding_ios/ios"
  geolocator_apple:
    :path: ".symlinks/plugins/geolocator_apple/darwin"
  integration_test:
    :path: ".symlinks/plugins/integration_test/ios"
  jyotish:
    :path: ".symlinks/plugins/jyotish/ios"
  package_info_plus:
    :path: ".symlinks/plugins/package_info_plus/ios"
  share_plus:
    :path: ".symlinks/plugins/share_plus/ios"
  sweph:
    :path: ".symlinks/plugins/sweph/ios"
  url_launcher_ios:
    :path: ".symlinks/plugins/url_launcher_ios/ios"

SPEC CHECKSUMS:
  Flutter: cabc95a1d2626b1b06e7179b784ebcf0c0cde467
  foundation_models_framework: a90ae77b73bb691d63a4442ba5d64fb4d85e0d63
  geocoding_ios: 33776c9ebb98d037b5e025bb0e7537f6dd19646e
  geolocator_apple: ab36aa0e8b7d7a2d7639b3b4e48308394e8cef5e
  integration_test: 4a889634ef21a45d28d50d622cf412dc6d9f586e
  jyotish: 270f0db1d07ab354d8737ed0c4e821fd42b6740c
  package_info_plus: af8e2ca6888548050f16fa2f1938db7b5a5df499
  share_plus: 50da8cb520a8f0f65671c6c6a99b3617ed10a58a
  sweph: 13ecbc9036b154de45f897b0ac718bef576d8452
  url_launcher_ios: 7a95fa5b60cc718a708b8f2966718e93db0cef1b

PODFILE CHECKSUM: afebdc598e42891e54b253bb159df83d419de1e3

COCOAPODS: 1.16.2
